// !$*UTF8*$!
{
	archiveVersion = 1;
	classes = {
	};
	objectVersion = 46;
	objects = {

/* Begin PBXBuildFile section */
		D943A8AA1E697B6D002012CD /* EntityTestCases.swift in Sources */ = {isa = PBXBuildFile; fileRef = D943A8A91E697B6D002012CD /* EntityTestCases.swift */; };
		D943A8BA1E6A75B8002012CD /* BusinessTestCases.swift in Sources */ = {isa = PBXBuildFile; fileRef = D943A8B91E6A75B8002012CD /* BusinessTestCases.swift */; };
		D943A8CF1E6A9853002012CD /* Read Me in Resources */ = {isa = PBXBuildFile; fileRef = D943A8CE1E6A9853002012CD /* Read Me */; };
		D943A8D01E6A9853002012CD /* Read Me in Resources */ = {isa = PBXBuildFile; fileRef = D943A8CE1E6A9853002012CD /* Read Me */; };
		D943A8E51E6A9DDB002012CD /* AppDelegate.m in Sources */ = {isa = PBXBuildFile; fileRef = D943A8E41E6A9DDB002012CD /* AppDelegate.m */; };
		D943A8E61E6A9DDB002012CD /* AppDelegate.m in Sources */ = {isa = PBXBuildFile; fileRef = D943A8E41E6A9DDB002012CD /* AppDelegate.m */; };
		D943A9031E6A9E5D002012CD /* BaseBusiness.swift in Sources */ = {isa = PBXBuildFile; fileRef = D943A9021E6A9E5D002012CD /* BaseBusiness.swift */; };
		D943A9041E6A9E5D002012CD /* BaseBusiness.swift in Sources */ = {isa = PBXBuildFile; fileRef = D943A9021E6A9E5D002012CD /* BaseBusiness.swift */; };
		D943A9091E6A9E94002012CD /* ActorMarshal.swift in Sources */ = {isa = PBXBuildFile; fileRef = D943A9061E6A9E94002012CD /* ActorMarshal.swift */; };
		D943A90A1E6A9E94002012CD /* ActorMarshal.swift in Sources */ = {isa = PBXBuildFile; fileRef = D943A9061E6A9E94002012CD /* ActorMarshal.swift */; };
		D943A90B1E6A9E94002012CD /* DirectorMarshal.swift in Sources */ = {isa = PBXBuildFile; fileRef = D943A9071E6A9E94002012CD /* DirectorMarshal.swift */; };
		D943A90C1E6A9E94002012CD /* DirectorMarshal.swift in Sources */ = {isa = PBXBuildFile; fileRef = D943A9071E6A9E94002012CD /* DirectorMarshal.swift */; };
		D943A90D1E6A9E94002012CD /* FilmMarshal.swift in Sources */ = {isa = PBXBuildFile; fileRef = D943A9081E6A9E94002012CD /* FilmMarshal.swift */; };
		D943A90E1E6A9E94002012CD /* FilmMarshal.swift in Sources */ = {isa = PBXBuildFile; fileRef = D943A9081E6A9E94002012CD /* FilmMarshal.swift */; };
		D943A9141E6A9ECC002012CD /* Constants.swift in Sources */ = {isa = PBXBuildFile; fileRef = D943A9121E6A9ECC002012CD /* Constants.swift */; };
		D943A9161E6A9ECC002012CD /* DictionaryExtention.swift in Sources */ = {isa = PBXBuildFile; fileRef = D943A9131E6A9ECC002012CD /* DictionaryExtention.swift */; };
		D943A9171E6A9ECC002012CD /* DictionaryExtention.swift in Sources */ = {isa = PBXBuildFile; fileRef = D943A9131E6A9ECC002012CD /* DictionaryExtention.swift */; };
		D943A9211E6A9F00002012CD /* Actor.swift in Sources */ = {isa = PBXBuildFile; fileRef = D943A91D1E6A9F00002012CD /* Actor.swift */; };
		D943A9221E6A9F00002012CD /* Actor.swift in Sources */ = {isa = PBXBuildFile; fileRef = D943A91D1E6A9F00002012CD /* Actor.swift */; };
		D943A9231E6A9F00002012CD /* Director.swift in Sources */ = {isa = PBXBuildFile; fileRef = D943A91E1E6A9F00002012CD /* Director.swift */; };
		D943A9241E6A9F01002012CD /* Director.swift in Sources */ = {isa = PBXBuildFile; fileRef = D943A91E1E6A9F00002012CD /* Director.swift */; };
		D943A9251E6A9F01002012CD /* Film.swift in Sources */ = {isa = PBXBuildFile; fileRef = D943A91F1E6A9F00002012CD /* Film.swift */; };
		D943A9261E6A9F01002012CD /* Film.swift in Sources */ = {isa = PBXBuildFile; fileRef = D943A91F1E6A9F00002012CD /* Film.swift */; };
		D943A9271E6A9F01002012CD /* GenericRole.swift in Sources */ = {isa = PBXBuildFile; fileRef = D943A9201E6A9F00002012CD /* GenericRole.swift */; };
		D943A9281E6A9F01002012CD /* GenericRole.swift in Sources */ = {isa = PBXBuildFile; fileRef = D943A9201E6A9F00002012CD /* GenericRole.swift */; };
		D943A9311E6A9FD5002012CD /* ListInteractor.m in Sources */ = {isa = PBXBuildFile; fileRef = D943A9301E6A9FD5002012CD /* ListInteractor.m */; };
		D943A9321E6A9FD5002012CD /* ListInteractor.m in Sources */ = {isa = PBXBuildFile; fileRef = D943A9301E6A9FD5002012CD /* ListInteractor.m */; };
		D943A93E1E6AA0B8002012CD /* DetailViewController.m in Sources */ = {isa = PBXBuildFile; fileRef = D943A93C1E6AA0B8002012CD /* DetailViewController.m */; };
		D943A93F1E6AA0B8002012CD /* DetailViewController.m in Sources */ = {isa = PBXBuildFile; fileRef = D943A93C1E6AA0B8002012CD /* DetailViewController.m */; };
		D943A9401E6AA0B8002012CD /* DetailViewController.xib in Resources */ = {isa = PBXBuildFile; fileRef = D943A93D1E6AA0B8002012CD /* DetailViewController.xib */; };
		D943A9411E6AA0B8002012CD /* DetailViewController.xib in Resources */ = {isa = PBXBuildFile; fileRef = D943A93D1E6AA0B8002012CD /* DetailViewController.xib */; };
		D943A9441E6AA0C2002012CD /* TappableLabel.m in Sources */ = {isa = PBXBuildFile; fileRef = D943A9431E6AA0C2002012CD /* TappableLabel.m */; };
		D943A9451E6AA0C2002012CD /* TappableLabel.m in Sources */ = {isa = PBXBuildFile; fileRef = D943A9431E6AA0C2002012CD /* TappableLabel.m */; };
		D943A95A1E6AA1DF002012CD /* ListWireframe.m in Sources */ = {isa = PBXBuildFile; fileRef = D943A9591E6AA1DF002012CD /* ListWireframe.m */; };
		D943A95B1E6AA1DF002012CD /* ListWireframe.m in Sources */ = {isa = PBXBuildFile; fileRef = D943A9591E6AA1DF002012CD /* ListWireframe.m */; };
		D943A9611E6AA268002012CD /* MovieCell.m in Sources */ = {isa = PBXBuildFile; fileRef = D943A95F1E6AA268002012CD /* MovieCell.m */; };
		D943A9631E6AA268002012CD /* MovieCell.xib in Resources */ = {isa = PBXBuildFile; fileRef = D943A9601E6AA268002012CD /* MovieCell.xib */; };
		D943A9641E6AA268002012CD /* MovieCell.xib in Resources */ = {isa = PBXBuildFile; fileRef = D943A9601E6AA268002012CD /* MovieCell.xib */; };
		D943A9681E6AA2E1002012CD /* ListViewController.m in Sources */ = {isa = PBXBuildFile; fileRef = D943A9671E6AA2E1002012CD /* ListViewController.m */; };
		D943A9691E6AA2E1002012CD /* ListViewController.m in Sources */ = {isa = PBXBuildFile; fileRef = D943A9671E6AA2E1002012CD /* ListViewController.m */; };
		D943A96C1E6AAACC002012CD /* BaseWireframe.m in Sources */ = {isa = PBXBuildFile; fileRef = D943A96B1E6AAACC002012CD /* BaseWireframe.m */; };
		D943A9701E6AAEA1002012CD /* DetailsWireframe.m in Sources */ = {isa = PBXBuildFile; fileRef = D943A96F1E6AAEA1002012CD /* DetailsWireframe.m */; };
		D943A9731E6AAF3D002012CD /* ListPresenter.m in Sources */ = {isa = PBXBuildFile; fileRef = D943A9721E6AAF3D002012CD /* ListPresenter.m */; };
		D943A97A1E6AB80E002012CD /* FilmStore.swift in Sources */ = {isa = PBXBuildFile; fileRef = D943A9791E6AB80E002012CD /* FilmStore.swift */; };
		D943A97B1E6AB80E002012CD /* FilmStore.swift in Sources */ = {isa = PBXBuildFile; fileRef = D943A9791E6AB80E002012CD /* FilmStore.swift */; };
		D943A97E1E6C85DD002012CD /* ListViewData.m in Sources */ = {isa = PBXBuildFile; fileRef = D943A97D1E6C85DD002012CD /* ListViewData.m */; };
		D943A9811E6D2C7C002012CD /* Main.storyboard in Resources */ = {isa = PBXBuildFile; fileRef = D943A9801E6D2C7C002012CD /* Main.storyboard */; };
		D943A9821E6D2C7C002012CD /* Main.storyboard in Resources */ = {isa = PBXBuildFile; fileRef = D943A9801E6D2C7C002012CD /* Main.storyboard */; };
		D943A9851E6D3B39002012CD /* AppDependencies.m in Sources */ = {isa = PBXBuildFile; fileRef = D943A9841E6D3B39002012CD /* AppDependencies.m */; };
		D95DA7991E6E5D3200A43FB1 /* Constants.swift in Sources */ = {isa = PBXBuildFile; fileRef = D943A9121E6A9ECC002012CD /* Constants.swift */; };
		D95DA7BB1E6F2DEF00A43FB1 /* DetailsInteractor.m in Sources */ = {isa = PBXBuildFile; fileRef = D95DA7BA1E6F2DEF00A43FB1 /* DetailsInteractor.m */; };
		D95DA7BE1E6F2E2500A43FB1 /* DetailsPresenter.m in Sources */ = {isa = PBXBuildFile; fileRef = D95DA7BD1E6F2E2500A43FB1 /* DetailsPresenter.m */; };
		D9799BC51E6DAA420083F6A7 /* NSString+Date.m in Sources */ = {isa = PBXBuildFile; fileRef = D9799BC41E6DAA420083F6A7 /* NSString+Date.m */; };
		D9799BC61E6DAA420083F6A7 /* NSString+Date.m in Sources */ = {isa = PBXBuildFile; fileRef = D9799BC41E6DAA420083F6A7 /* NSString+Date.m */; };
		D9799BD11E6DBEC60083F6A7 /* ListPresenterTest.swift in Sources */ = {isa = PBXBuildFile; fileRef = D9799BCF1E6DBEC60083F6A7 /* ListPresenterTest.swift */; };
		D9F651C11E741F4700A8F4F5 /* LaunchView.xib in Resources */ = {isa = PBXBuildFile; fileRef = D9F651C01E741F4700A8F4F5 /* LaunchView.xib */; };
		D9F651C81E751B2B00A8F4F5 /* MovieDataArray.json in Resources */ = {isa = PBXBuildFile; fileRef = D9F651C61E751B2B00A8F4F5 /* MovieDataArray.json */; };
		D9F651C91E751B2B00A8F4F5 /* MovieDataSingle.json in Resources */ = {isa = PBXBuildFile; fileRef = D9F651C71E751B2B00A8F4F5 /* MovieDataSingle.json */; };
		E899009C18CD78E500004F3F /* Foundation.framework in Frameworks */ = {isa = PBXBuildFile; fileRef = E899009B18CD78E500004F3F /* Foundation.framework */; };
		E899009E18CD78E500004F3F /* CoreGraphics.framework in Frameworks */ = {isa = PBXBuildFile; fileRef = E899009D18CD78E500004F3F /* CoreGraphics.framework */; };
		E89900A018CD78E500004F3F /* UIKit.framework in Frameworks */ = {isa = PBXBuildFile; fileRef = E899009F18CD78E500004F3F /* UIKit.framework */; };
		E89900A618CD78E500004F3F /* InfoPlist.strings in Resources */ = {isa = PBXBuildFile; fileRef = E89900A418CD78E500004F3F /* InfoPlist.strings */; };
		E89900A818CD78E500004F3F /* main.m in Sources */ = {isa = PBXBuildFile; fileRef = E89900A718CD78E500004F3F /* main.m */; };
		E89900B418CD78E500004F3F /* Images.xcassets in Resources */ = {isa = PBXBuildFile; fileRef = E89900B318CD78E500004F3F /* Images.xcassets */; };
		E89900BB18CD78E500004F3F /* XCTest.framework in Frameworks */ = {isa = PBXBuildFile; fileRef = E89900BA18CD78E500004F3F /* XCTest.framework */; };
		E89900BC18CD78E500004F3F /* Foundation.framework in Frameworks */ = {isa = PBXBuildFile; fileRef = E899009B18CD78E500004F3F /* Foundation.framework */; };
		E89900BD18CD78E500004F3F /* UIKit.framework in Frameworks */ = {isa = PBXBuildFile; fileRef = E899009F18CD78E500004F3F /* UIKit.framework */; };
		E89900C518CD78E500004F3F /* InfoPlist.strings in Resources */ = {isa = PBXBuildFile; fileRef = E89900C318CD78E500004F3F /* InfoPlist.strings */; };
		E89900C718CD78E500004F3F /* MovieWebServiceTests.m in Sources */ = {isa = PBXBuildFile; fileRef = E89900C618CD78E500004F3F /* MovieWebServiceTests.m */; };
/* End PBXBuildFile section */

/* Begin PBXContainerItemProxy section */
		E89900BE18CD78E500004F3F /* PBXContainerItemProxy */ = {
			isa = PBXContainerItemProxy;
			containerPortal = E899009018CD78E500004F3F /* Project object */;
			proxyType = 1;
			remoteGlobalIDString = E899009718CD78E500004F3F;
			remoteInfo = MovieWebService;
		};
/* End PBXContainerItemProxy section */

/* Begin PBXFileReference section */
		D943A88D1E694433002012CD /* MovieWebService-Bridging-Header.h */ = {isa = PBXFileReference; lastKnownFileType = sourcecode.c.h; path = "MovieWebService-Bridging-Header.h"; sourceTree = "<group>"; };
		D943A8A81E697B6D002012CD /* MovieWebServiceTests-Bridging-Header.h */ = {isa = PBXFileReference; lastKnownFileType = sourcecode.c.h; path = "MovieWebServiceTests-Bridging-Header.h"; sourceTree = "<group>"; };
		D943A8A91E697B6D002012CD /* EntityTestCases.swift */ = {isa = PBXFileReference; fileEncoding = 4; lastKnownFileType = sourcecode.swift; name = EntityTestCases.swift; path = EntityTests/EntityTestCases.swift; sourceTree = "<group>"; };
		D943A8B91E6A75B8002012CD /* BusinessTestCases.swift */ = {isa = PBXFileReference; fileEncoding = 4; lastKnownFileType = sourcecode.swift; name = BusinessTestCases.swift; path = BusinessTests/BusinessTestCases.swift; sourceTree = "<group>"; };
		D943A8CE1E6A9853002012CD /* Read Me */ = {isa = PBXFileReference; lastKnownFileType = folder; path = "Read Me"; sourceTree = "<group>"; };
		D943A8E31E6A9DDB002012CD /* AppDelegate.h */ = {isa = PBXFileReference; fileEncoding = 4; lastKnownFileType = sourcecode.c.h; name = AppDelegate.h; path = Classes/AppDelegate/AppDelegate.h; sourceTree = "<group>"; };
		D943A8E41E6A9DDB002012CD /* AppDelegate.m */ = {isa = PBXFileReference; fileEncoding = 4; lastKnownFileType = sourcecode.c.objc; name = AppDelegate.m; path = Classes/AppDelegate/AppDelegate.m; sourceTree = "<group>"; };
		D943A9021E6A9E5D002012CD /* BaseBusiness.swift */ = {isa = PBXFileReference; fileEncoding = 4; lastKnownFileType = sourcecode.swift; name = BaseBusiness.swift; path = Classes/CommonFiles/Business/BaseBusiness.swift; sourceTree = "<group>"; };
		D943A9061E6A9E94002012CD /* ActorMarshal.swift */ = {isa = PBXFileReference; fileEncoding = 4; lastKnownFileType = sourcecode.swift; name = ActorMarshal.swift; path = Classes/CommonFiles/DataMarshals/ActorMarshal.swift; sourceTree = "<group>"; };
		D943A9071E6A9E94002012CD /* DirectorMarshal.swift */ = {isa = PBXFileReference; fileEncoding = 4; lastKnownFileType = sourcecode.swift; name = DirectorMarshal.swift; path = Classes/CommonFiles/DataMarshals/DirectorMarshal.swift; sourceTree = "<group>"; };
		D943A9081E6A9E94002012CD /* FilmMarshal.swift */ = {isa = PBXFileReference; fileEncoding = 4; lastKnownFileType = sourcecode.swift; name = FilmMarshal.swift; path = Classes/CommonFiles/DataMarshals/FilmMarshal.swift; sourceTree = "<group>"; };
		D943A9111E6A9ECC002012CD /* Constants.h */ = {isa = PBXFileReference; fileEncoding = 4; lastKnownFileType = sourcecode.c.h; name = Constants.h; path = Classes/CommonFiles/Utilities/Constants.h; sourceTree = "<group>"; };
		D943A9121E6A9ECC002012CD /* Constants.swift */ = {isa = PBXFileReference; fileEncoding = 4; lastKnownFileType = sourcecode.swift; name = Constants.swift; path = Classes/CommonFiles/Utilities/Constants.swift; sourceTree = "<group>"; };
		D943A9131E6A9ECC002012CD /* DictionaryExtention.swift */ = {isa = PBXFileReference; fileEncoding = 4; lastKnownFileType = sourcecode.swift; name = DictionaryExtention.swift; path = Classes/CommonFiles/Utilities/DictionaryExtention.swift; sourceTree = "<group>"; };
		D943A91D1E6A9F00002012CD /* Actor.swift */ = {isa = PBXFileReference; fileEncoding = 4; lastKnownFileType = sourcecode.swift; name = Actor.swift; path = Classes/CommonFiles/Entities/Actor.swift; sourceTree = "<group>"; };
		D943A91E1E6A9F00002012CD /* Director.swift */ = {isa = PBXFileReference; fileEncoding = 4; lastKnownFileType = sourcecode.swift; name = Director.swift; path = Classes/CommonFiles/Entities/Director.swift; sourceTree = "<group>"; };
		D943A91F1E6A9F00002012CD /* Film.swift */ = {isa = PBXFileReference; fileEncoding = 4; lastKnownFileType = sourcecode.swift; name = Film.swift; path = Classes/CommonFiles/Entities/Film.swift; sourceTree = "<group>"; };
		D943A9201E6A9F00002012CD /* GenericRole.swift */ = {isa = PBXFileReference; fileEncoding = 4; lastKnownFileType = sourcecode.swift; name = GenericRole.swift; path = Classes/CommonFiles/Entities/GenericRole.swift; sourceTree = "<group>"; };
		D943A92F1E6A9FD5002012CD /* ListInteractor.h */ = {isa = PBXFileReference; fileEncoding = 4; lastKnownFileType = sourcecode.c.h; name = ListInteractor.h; path = "Classes/Modules/List/Application Logic/Interactor/ListInteractor.h"; sourceTree = "<group>"; };
		D943A9301E6A9FD5002012CD /* ListInteractor.m */ = {isa = PBXFileReference; fileEncoding = 4; lastKnownFileType = sourcecode.c.objc; name = ListInteractor.m; path = "Classes/Modules/List/Application Logic/Interactor/ListInteractor.m"; sourceTree = "<group>"; };
		D943A93B1E6AA0B8002012CD /* DetailViewController.h */ = {isa = PBXFileReference; fileEncoding = 4; lastKnownFileType = sourcecode.c.h; name = DetailViewController.h; path = "Classes/Modules/Details/User Interface/View/View Controllers/DetailViewController.h"; sourceTree = "<group>"; };
		D943A93C1E6AA0B8002012CD /* DetailViewController.m */ = {isa = PBXFileReference; fileEncoding = 4; lastKnownFileType = sourcecode.c.objc; name = DetailViewController.m; path = "Classes/Modules/Details/User Interface/View/View Controllers/DetailViewController.m"; sourceTree = "<group>"; };
		D943A93D1E6AA0B8002012CD /* DetailViewController.xib */ = {isa = PBXFileReference; fileEncoding = 4; lastKnownFileType = file.xib; name = DetailViewController.xib; path = "Classes/Modules/Details/User Interface/View/View Controllers/DetailViewController.xib"; sourceTree = "<group>"; };
		D943A9421E6AA0C2002012CD /* TappableLabel.h */ = {isa = PBXFileReference; fileEncoding = 4; lastKnownFileType = sourcecode.c.h; name = TappableLabel.h; path = "Classes/Modules/Details/User Interface/View/Views/TappableLabel.h"; sourceTree = "<group>"; };
		D943A9431E6AA0C2002012CD /* TappableLabel.m */ = {isa = PBXFileReference; fileEncoding = 4; lastKnownFileType = sourcecode.c.objc; name = TappableLabel.m; path = "Classes/Modules/Details/User Interface/View/Views/TappableLabel.m"; sourceTree = "<group>"; };
		D943A9581E6AA1DF002012CD /* ListWireframe.h */ = {isa = PBXFileReference; fileEncoding = 4; lastKnownFileType = sourcecode.c.h; name = ListWireframe.h; path = "Classes/Modules/List/User Interface/View/Wireframe/ListWireframe.h"; sourceTree = "<group>"; };
		D943A9591E6AA1DF002012CD /* ListWireframe.m */ = {isa = PBXFileReference; fileEncoding = 4; lastKnownFileType = sourcecode.c.objc; name = ListWireframe.m; path = "Classes/Modules/List/User Interface/View/Wireframe/ListWireframe.m"; sourceTree = "<group>"; };
		D943A95C1E6AA249002012CD /* ListViewInterface.h */ = {isa = PBXFileReference; lastKnownFileType = sourcecode.c.h; name = ListViewInterface.h; path = "Classes/Modules/List/User Interface/View/ListViewInterface.h"; sourceTree = "<group>"; };
		D943A95E1E6AA268002012CD /* MovieCell.h */ = {isa = PBXFileReference; fileEncoding = 4; lastKnownFileType = sourcecode.c.h; name = MovieCell.h; path = "Classes/Modules/List/User Interface/View/Views/MovieCell.h"; sourceTree = "<group>"; };
		D943A95F1E6AA268002012CD /* MovieCell.m */ = {isa = PBXFileReference; fileEncoding = 4; lastKnownFileType = sourcecode.c.objc; name = MovieCell.m; path = "Classes/Modules/List/User Interface/View/Views/MovieCell.m"; sourceTree = "<group>"; };
		D943A9601E6AA268002012CD /* MovieCell.xib */ = {isa = PBXFileReference; fileEncoding = 4; lastKnownFileType = file.xib; name = MovieCell.xib; path = "Classes/Modules/List/User Interface/View/Views/MovieCell.xib"; sourceTree = "<group>"; };
		D943A9661E6AA2E1002012CD /* ListViewController.h */ = {isa = PBXFileReference; fileEncoding = 4; lastKnownFileType = sourcecode.c.h; name = ListViewController.h; path = "Classes/Modules/List/User Interface/View/ViewControllers/ListViewController.h"; sourceTree = "<group>"; };
		D943A9671E6AA2E1002012CD /* ListViewController.m */ = {isa = PBXFileReference; fileEncoding = 4; lastKnownFileType = sourcecode.c.objc; name = ListViewController.m; path = "Classes/Modules/List/User Interface/View/ViewControllers/ListViewController.m"; sourceTree = "<group>"; };
		D943A96A1E6AAACC002012CD /* BaseWireframe.h */ = {isa = PBXFileReference; fileEncoding = 4; lastKnownFileType = sourcecode.c.h; name = BaseWireframe.h; path = Classes/CommonFiles/View/BaseWireframe.h; sourceTree = "<group>"; };
		D943A96B1E6AAACC002012CD /* BaseWireframe.m */ = {isa = PBXFileReference; fileEncoding = 4; lastKnownFileType = sourcecode.c.objc; name = BaseWireframe.m; path = Classes/CommonFiles/View/BaseWireframe.m; sourceTree = "<group>"; };
		D943A96D1E6AAD0B002012CD /* ListPresenterInterface.h */ = {isa = PBXFileReference; lastKnownFileType = sourcecode.c.h; name = ListPresenterInterface.h; path = "Classes/Modules/List/Module Interface/ListPresenterInterface.h"; sourceTree = "<group>"; };
		D943A96E1E6AAEA1002012CD /* DetailsWireframe.h */ = {isa = PBXFileReference; fileEncoding = 4; lastKnownFileType = sourcecode.c.h; name = DetailsWireframe.h; path = "Classes/Modules/Details/User Interface/Wireframe/DetailsWireframe.h"; sourceTree = "<group>"; };
		D943A96F1E6AAEA1002012CD /* DetailsWireframe.m */ = {isa = PBXFileReference; fileEncoding = 4; lastKnownFileType = sourcecode.c.objc; name = DetailsWireframe.m; path = "Classes/Modules/Details/User Interface/Wireframe/DetailsWireframe.m"; sourceTree = "<group>"; };
		D943A9711E6AAF3D002012CD /* ListPresenter.h */ = {isa = PBXFileReference; fileEncoding = 4; lastKnownFileType = sourcecode.c.h; name = ListPresenter.h; path = "Classes/Modules/List/User Interface/Presenter/ListPresenter.h"; sourceTree = "<group>"; };
		D943A9721E6AAF3D002012CD /* ListPresenter.m */ = {isa = PBXFileReference; fileEncoding = 4; lastKnownFileType = sourcecode.c.objc; name = ListPresenter.m; path = "Classes/Modules/List/User Interface/Presenter/ListPresenter.m"; sourceTree = "<group>"; };
		D943A9741E6AB025002012CD /* ListInteractorIO.h */ = {isa = PBXFileReference; lastKnownFileType = sourcecode.c.h; name = ListInteractorIO.h; path = "Classes/Modules/List/Application Logic/Interactor/ListInteractorIO.h"; sourceTree = "<group>"; };
		D943A9791E6AB80E002012CD /* FilmStore.swift */ = {isa = PBXFileReference; fileEncoding = 4; lastKnownFileType = sourcecode.swift; name = FilmStore.swift; path = Classes/CommonFiles/Store/FilmStore.swift; sourceTree = "<group>"; };
		D943A97C1E6C85DD002012CD /* ListViewData.h */ = {isa = PBXFileReference; fileEncoding = 4; lastKnownFileType = sourcecode.c.h; name = ListViewData.h; path = "Classes/Modules/List/User Interface/Presenter/ListViewData.h"; sourceTree = "<group>"; };
		D943A97D1E6C85DD002012CD /* ListViewData.m */ = {isa = PBXFileReference; fileEncoding = 4; lastKnownFileType = sourcecode.c.objc; name = ListViewData.m; path = "Classes/Modules/List/User Interface/Presenter/ListViewData.m"; sourceTree = "<group>"; };
		D943A9801E6D2C7C002012CD /* Main.storyboard */ = {isa = PBXFileReference; fileEncoding = 4; lastKnownFileType = file.storyboard; name = Main.storyboard; path = Classes/CommonFiles/StoryBoards/Main.storyboard; sourceTree = "<group>"; };
		D943A9831E6D3B39002012CD /* AppDependencies.h */ = {isa = PBXFileReference; fileEncoding = 4; lastKnownFileType = sourcecode.c.h; name = AppDependencies.h; path = Classes/AppDelegate/AppDependencies.h; sourceTree = "<group>"; };
		D943A9841E6D3B39002012CD /* AppDependencies.m */ = {isa = PBXFileReference; fileEncoding = 4; lastKnownFileType = sourcecode.c.objc; name = AppDependencies.m; path = Classes/AppDelegate/AppDependencies.m; sourceTree = "<group>"; };
		D95DA6CB1E6DC16200A43FB1 /* MovieWebServiceTests-Prefix.pch */ = {isa = PBXFileReference; lastKnownFileType = sourcecode.c.h; path = "MovieWebServiceTests-Prefix.pch"; sourceTree = "<group>"; };
		D95DA7B91E6F2DEF00A43FB1 /* DetailsInteractor.h */ = {isa = PBXFileReference; fileEncoding = 4; lastKnownFileType = sourcecode.c.h; name = DetailsInteractor.h; path = "Classes/Modules/Details/Application Logic/Interactor/DetailsInteractor.h"; sourceTree = "<group>"; };
		D95DA7BA1E6F2DEF00A43FB1 /* DetailsInteractor.m */ = {isa = PBXFileReference; fileEncoding = 4; lastKnownFileType = sourcecode.c.objc; name = DetailsInteractor.m; path = "Classes/Modules/Details/Application Logic/Interactor/DetailsInteractor.m"; sourceTree = "<group>"; };
		D95DA7BC1E6F2E2500A43FB1 /* DetailsPresenter.h */ = {isa = PBXFileReference; fileEncoding = 4; lastKnownFileType = sourcecode.c.h; name = DetailsPresenter.h; path = "Classes/Modules/Details/User Interface/Presenter/DetailsPresenter.h"; sourceTree = "<group>"; };
		D95DA7BD1E6F2E2500A43FB1 /* DetailsPresenter.m */ = {isa = PBXFileReference; fileEncoding = 4; lastKnownFileType = sourcecode.c.objc; name = DetailsPresenter.m; path = "Classes/Modules/Details/User Interface/Presenter/DetailsPresenter.m"; sourceTree = "<group>"; };
		D95DA7BF1E6F2F8E00A43FB1 /* DetailsInteractorIO.h */ = {isa = PBXFileReference; lastKnownFileType = sourcecode.c.h; name = DetailsInteractorIO.h; path = "Classes/Modules/Details/Application Logic/Interactor/DetailsInteractorIO.h"; sourceTree = "<group>"; };
		D9799BC31E6DAA420083F6A7 /* NSString+Date.h */ = {isa = PBXFileReference; fileEncoding = 4; lastKnownFileType = sourcecode.c.h; name = "NSString+Date.h"; path = "Classes/CommonFiles/Utilities/NSString+Date.h"; sourceTree = "<group>"; };
		D9799BC41E6DAA420083F6A7 /* NSString+Date.m */ = {isa = PBXFileReference; fileEncoding = 4; lastKnownFileType = sourcecode.c.objc; name = "NSString+Date.m"; path = "Classes/CommonFiles/Utilities/NSString+Date.m"; sourceTree = "<group>"; };
		D9799BCF1E6DBEC60083F6A7 /* ListPresenterTest.swift */ = {isa = PBXFileReference; fileEncoding = 4; lastKnownFileType = sourcecode.swift; name = ListPresenterTest.swift; path = PresenterTest/ListPresenterTest.swift; sourceTree = "<group>"; };
		D98975621E71514E00DB91AF /* DetailPresenterInterface.h */ = {isa = PBXFileReference; lastKnownFileType = sourcecode.c.h; name = DetailPresenterInterface.h; path = "Classes/Modules/Details/Module Interface/DetailPresenterInterface.h"; sourceTree = "<group>"; };
		D98975631E7151C700DB91AF /* DetailsViewInterface.h */ = {isa = PBXFileReference; lastKnownFileType = sourcecode.c.h; name = DetailsViewInterface.h; path = "Classes/Modules/Details/User Interface/View/DetailsViewInterface.h"; sourceTree = "<group>"; };
		D9F651C01E741F4700A8F4F5 /* LaunchView.xib */ = {isa = PBXFileReference; fileEncoding = 4; lastKnownFileType = file.xib; name = LaunchView.xib; path = Classes/CommonFiles/View/LaunchView.xib; sourceTree = "<group>"; };
		D9F651C61E751B2B00A8F4F5 /* MovieDataArray.json */ = {isa = PBXFileReference; fileEncoding = 4; lastKnownFileType = text.json; name = MovieDataArray.json; path = Resources/MovieDataArray.json; sourceTree = "<group>"; };
		D9F651C71E751B2B00A8F4F5 /* MovieDataSingle.json */ = {isa = PBXFileReference; fileEncoding = 4; lastKnownFileType = text.json; name = MovieDataSingle.json; path = Resources/MovieDataSingle.json; sourceTree = "<group>"; };
		E899009818CD78E500004F3F /* MovieWebService.app */ = {isa = PBXFileReference; explicitFileType = wrapper.application; includeInIndex = 0; path = MovieWebService.app; sourceTree = BUILT_PRODUCTS_DIR; };
		E899009B18CD78E500004F3F /* Foundation.framework */ = {isa = PBXFileReference; lastKnownFileType = wrapper.framework; name = Foundation.framework; path = System/Library/Frameworks/Foundation.framework; sourceTree = SDKROOT; };
		E899009D18CD78E500004F3F /* CoreGraphics.framework */ = {isa = PBXFileReference; lastKnownFileType = wrapper.framework; name = CoreGraphics.framework; path = System/Library/Frameworks/CoreGraphics.framework; sourceTree = SDKROOT; };
		E899009F18CD78E500004F3F /* UIKit.framework */ = {isa = PBXFileReference; lastKnownFileType = wrapper.framework; name = UIKit.framework; path = System/Library/Frameworks/UIKit.framework; sourceTree = SDKROOT; };
		E89900A318CD78E500004F3F /* MovieWebService-Info.plist */ = {isa = PBXFileReference; lastKnownFileType = text.plist.xml; path = "MovieWebService-Info.plist"; sourceTree = "<group>"; };
		E89900A518CD78E500004F3F /* en */ = {isa = PBXFileReference; lastKnownFileType = text.plist.strings; name = en; path = en.lproj/InfoPlist.strings; sourceTree = "<group>"; };
		E89900A718CD78E500004F3F /* main.m */ = {isa = PBXFileReference; lastKnownFileType = sourcecode.c.objc; path = main.m; sourceTree = "<group>"; };
		E89900A918CD78E500004F3F /* MovieWebService-Prefix.pch */ = {isa = PBXFileReference; lastKnownFileType = sourcecode.c.h; path = "MovieWebService-Prefix.pch"; sourceTree = "<group>"; };
		E89900B318CD78E500004F3F /* Images.xcassets */ = {isa = PBXFileReference; lastKnownFileType = folder.assetcatalog; name = Images.xcassets; path = Resources/Images.xcassets; sourceTree = "<group>"; };
		E89900B918CD78E500004F3F /* MovieWebServiceTests.xctest */ = {isa = PBXFileReference; explicitFileType = wrapper.cfbundle; includeInIndex = 0; path = MovieWebServiceTests.xctest; sourceTree = BUILT_PRODUCTS_DIR; };
		E89900BA18CD78E500004F3F /* XCTest.framework */ = {isa = PBXFileReference; lastKnownFileType = wrapper.framework; name = XCTest.framework; path = Library/Frameworks/XCTest.framework; sourceTree = DEVELOPER_DIR; };
		E89900C218CD78E500004F3F /* MovieWebServiceTests-Info.plist */ = {isa = PBXFileReference; lastKnownFileType = text.plist.xml; path = "MovieWebServiceTests-Info.plist"; sourceTree = "<group>"; };
		E89900C418CD78E500004F3F /* en */ = {isa = PBXFileReference; lastKnownFileType = text.plist.strings; name = en; path = en.lproj/InfoPlist.strings; sourceTree = "<group>"; };
		E89900C618CD78E500004F3F /* MovieWebServiceTests.m */ = {isa = PBXFileReference; lastKnownFileType = sourcecode.c.objc; path = MovieWebServiceTests.m; sourceTree = "<group>"; };
/* End PBXFileReference section */

/* Begin PBXFrameworksBuildPhase section */
		E899009518CD78E500004F3F /* Frameworks */ = {
			isa = PBXFrameworksBuildPhase;
			buildActionMask = 2147483647;
			files = (
				E899009E18CD78E500004F3F /* CoreGraphics.framework in Frameworks */,
				E89900A018CD78E500004F3F /* UIKit.framework in Frameworks */,
				E899009C18CD78E500004F3F /* Foundation.framework in Frameworks */,
			);
			runOnlyForDeploymentPostprocessing = 0;
		};
		E89900B618CD78E500004F3F /* Frameworks */ = {
			isa = PBXFrameworksBuildPhase;
			buildActionMask = 2147483647;
			files = (
				E89900BB18CD78E500004F3F /* XCTest.framework in Frameworks */,
				E89900BD18CD78E500004F3F /* UIKit.framework in Frameworks */,
				E89900BC18CD78E500004F3F /* Foundation.framework in Frameworks */,
			);
			runOnlyForDeploymentPostprocessing = 0;
		};
/* End PBXFrameworksBuildPhase section */

/* Begin PBXGroup section */
		D943A8841E692100002012CD /* Resources */ = {
			isa = PBXGroup;
			children = (
				D9F651C61E751B2B00A8F4F5 /* MovieDataArray.json */,
				D9F651C71E751B2B00A8F4F5 /* MovieDataSingle.json */,
				E89900B318CD78E500004F3F /* Images.xcassets */,
			);
			name = Resources;
			sourceTree = "<group>";
		};
		D943A8D81E6A9DA3002012CD /* Classes */ = {
			isa = PBXGroup;
			children = (
				D943A8E21E6A9DCD002012CD /* AppDelegate */,
				D943A8E71E6A9DE9002012CD /* Common */,
				D943A8FA1E6A9E10002012CD /* Modules */,
			);
			name = Classes;
			sourceTree = "<group>";
		};
		D943A8E21E6A9DCD002012CD /* AppDelegate */ = {
			isa = PBXGroup;
			children = (
				D943A8E31E6A9DDB002012CD /* AppDelegate.h */,
				D943A8E41E6A9DDB002012CD /* AppDelegate.m */,
				D943A9831E6D3B39002012CD /* AppDependencies.h */,
				D943A9841E6D3B39002012CD /* AppDependencies.m */,
			);
			name = AppDelegate;
			sourceTree = "<group>";
		};
		D943A8E71E6A9DE9002012CD /* Common */ = {
			isa = PBXGroup;
			children = (
				D943A9781E6AB7ED002012CD /* Store */,
				D943A9011E6A9E4D002012CD /* Business */,
				D943A9051E6A9E85002012CD /* DataMarshals */,
				D943A91C1E6A9EF7002012CD /* Entities */,
				D943A9181E6A9ED4002012CD /* Storyboards */,
				D943A9101E6A9EBF002012CD /* Utilities */,
				D943A90F1E6A9EA5002012CD /* View */,
			);
			name = Common;
			sourceTree = "<group>";
		};
		D943A8FA1E6A9E10002012CD /* Modules */ = {
			isa = PBXGroup;
			children = (
				D943A9471E6AA100002012CD /* List */,
				D943A9291E6A9F59002012CD /* Details */,
			);
			name = Modules;
			sourceTree = "<group>";
		};
		D943A9011E6A9E4D002012CD /* Business */ = {
			isa = PBXGroup;
			children = (
				D943A9021E6A9E5D002012CD /* BaseBusiness.swift */,
			);
			name = Business;
			sourceTree = "<group>";
		};
		D943A9051E6A9E85002012CD /* DataMarshals */ = {
			isa = PBXGroup;
			children = (
				D943A9061E6A9E94002012CD /* ActorMarshal.swift */,
				D943A9071E6A9E94002012CD /* DirectorMarshal.swift */,
				D943A9081E6A9E94002012CD /* FilmMarshal.swift */,
			);
			name = DataMarshals;
			sourceTree = "<group>";
		};
		D943A90F1E6A9EA5002012CD /* View */ = {
			isa = PBXGroup;
			children = (
				D9F651C01E741F4700A8F4F5 /* LaunchView.xib */,
				D943A96A1E6AAACC002012CD /* BaseWireframe.h */,
				D943A96B1E6AAACC002012CD /* BaseWireframe.m */,
			);
			name = View;
			sourceTree = "<group>";
		};
		D943A9101E6A9EBF002012CD /* Utilities */ = {
			isa = PBXGroup;
			children = (
				D943A9111E6A9ECC002012CD /* Constants.h */,
				D943A9121E6A9ECC002012CD /* Constants.swift */,
				D943A9131E6A9ECC002012CD /* DictionaryExtention.swift */,
				D9799BC31E6DAA420083F6A7 /* NSString+Date.h */,
				D9799BC41E6DAA420083F6A7 /* NSString+Date.m */,
			);
			name = Utilities;
			sourceTree = "<group>";
		};
		D943A9181E6A9ED4002012CD /* Storyboards */ = {
			isa = PBXGroup;
			children = (
				D943A9801E6D2C7C002012CD /* Main.storyboard */,
			);
			name = Storyboards;
			sourceTree = "<group>";
		};
		D943A91C1E6A9EF7002012CD /* Entities */ = {
			isa = PBXGroup;
			children = (
				D943A91D1E6A9F00002012CD /* Actor.swift */,
				D943A91E1E6A9F00002012CD /* Director.swift */,
				D943A91F1E6A9F00002012CD /* Film.swift */,
				D943A9201E6A9F00002012CD /* GenericRole.swift */,
			);
			name = Entities;
			sourceTree = "<group>";
		};
		D943A9291E6A9F59002012CD /* Details */ = {
			isa = PBXGroup;
			children = (
				D943A92A1E6A9F64002012CD /* Application Logic */,
				D943A92B1E6A9F72002012CD /* Module Interface */,
				D943A92C1E6A9F7D002012CD /* User Interface */,
			);
			name = Details;
			sourceTree = "<group>";
		};
		D943A92A1E6A9F64002012CD /* Application Logic */ = {
			isa = PBXGroup;
			children = (
				D943A92D1E6A9FAD002012CD /* Interactor */,
				D943A92E1E6A9FB5002012CD /* Manager */,
			);
			name = "Application Logic";
			sourceTree = "<group>";
		};
		D943A92B1E6A9F72002012CD /* Module Interface */ = {
			isa = PBXGroup;
			children = (
				D98975621E71514E00DB91AF /* DetailPresenterInterface.h */,
			);
			name = "Module Interface";
			sourceTree = "<group>";
		};
		D943A92C1E6A9F7D002012CD /* User Interface */ = {
			isa = PBXGroup;
			children = (
				D943A9381E6AA099002012CD /* View */,
				D943A9331E6AA040002012CD /* Presenter */,
			);
			name = "User Interface";
			sourceTree = "<group>";
		};
		D943A92D1E6A9FAD002012CD /* Interactor */ = {
			isa = PBXGroup;
			children = (
				D95DA7B91E6F2DEF00A43FB1 /* DetailsInteractor.h */,
				D95DA7BA1E6F2DEF00A43FB1 /* DetailsInteractor.m */,
				D95DA7BF1E6F2F8E00A43FB1 /* DetailsInteractorIO.h */,
			);
			name = Interactor;
			sourceTree = "<group>";
		};
		D943A92E1E6A9FB5002012CD /* Manager */ = {
			isa = PBXGroup;
			children = (
			);
			name = Manager;
			sourceTree = "<group>";
		};
		D943A9331E6AA040002012CD /* Presenter */ = {
			isa = PBXGroup;
			children = (
				D95DA7BC1E6F2E2500A43FB1 /* DetailsPresenter.h */,
				D95DA7BD1E6F2E2500A43FB1 /* DetailsPresenter.m */,
			);
			name = Presenter;
			sourceTree = "<group>";
		};
		D943A9381E6AA099002012CD /* View */ = {
			isa = PBXGroup;
			children = (
				D98975631E7151C700DB91AF /* DetailsViewInterface.h */,
				D943A93A1E6AA0AC002012CD /* View Controllers */,
				D943A9391E6AA0A4002012CD /* Views */,
				D943A9461E6AA0D4002012CD /* Wireframe */,
			);
			name = View;
			sourceTree = "<group>";
		};
		D943A9391E6AA0A4002012CD /* Views */ = {
			isa = PBXGroup;
			children = (
				D943A9421E6AA0C2002012CD /* TappableLabel.h */,
				D943A9431E6AA0C2002012CD /* TappableLabel.m */,
			);
			name = Views;
			sourceTree = "<group>";
		};
		D943A93A1E6AA0AC002012CD /* View Controllers */ = {
			isa = PBXGroup;
			children = (
				D943A93B1E6AA0B8002012CD /* DetailViewController.h */,
				D943A93C1E6AA0B8002012CD /* DetailViewController.m */,
				D943A93D1E6AA0B8002012CD /* DetailViewController.xib */,
			);
			name = "View Controllers";
			sourceTree = "<group>";
		};
		D943A9461E6AA0D4002012CD /* Wireframe */ = {
			isa = PBXGroup;
			children = (
				D943A96E1E6AAEA1002012CD /* DetailsWireframe.h */,
				D943A96F1E6AAEA1002012CD /* DetailsWireframe.m */,
			);
			name = Wireframe;
			sourceTree = "<group>";
		};
		D943A9471E6AA100002012CD /* List */ = {
			isa = PBXGroup;
			children = (
				D943A9481E6AA109002012CD /* Application Logic */,
				D943A9491E6AA113002012CD /* Module Interface */,
				D943A94A1E6AA11D002012CD /* User Interface */,
			);
			name = List;
			sourceTree = "<group>";
		};
		D943A9481E6AA109002012CD /* Application Logic */ = {
			isa = PBXGroup;
			children = (
				D943A94B1E6AA147002012CD /* Interactor */,
				D943A94C1E6AA154002012CD /* Manager */,
			);
			name = "Application Logic";
			sourceTree = "<group>";
		};
		D943A9491E6AA113002012CD /* Module Interface */ = {
			isa = PBXGroup;
			children = (
				D943A96D1E6AAD0B002012CD /* ListPresenterInterface.h */,
			);
			name = "Module Interface";
			sourceTree = "<group>";
		};
		D943A94A1E6AA11D002012CD /* User Interface */ = {
			isa = PBXGroup;
			children = (
				D943A94D1E6AA189002012CD /* Presenter */,
				D943A94E1E6AA190002012CD /* View */,
			);
			name = "User Interface";
			sourceTree = "<group>";
		};
		D943A94B1E6AA147002012CD /* Interactor */ = {
			isa = PBXGroup;
			children = (
				D943A92F1E6A9FD5002012CD /* ListInteractor.h */,
				D943A9301E6A9FD5002012CD /* ListInteractor.m */,
				D943A9741E6AB025002012CD /* ListInteractorIO.h */,
			);
			name = Interactor;
			sourceTree = "<group>";
		};
		D943A94C1E6AA154002012CD /* Manager */ = {
			isa = PBXGroup;
			children = (
			);
			name = Manager;
			sourceTree = "<group>";
		};
		D943A94D1E6AA189002012CD /* Presenter */ = {
			isa = PBXGroup;
			children = (
				D943A9711E6AAF3D002012CD /* ListPresenter.h */,
				D943A9721E6AAF3D002012CD /* ListPresenter.m */,
				D943A97C1E6C85DD002012CD /* ListViewData.h */,
				D943A97D1E6C85DD002012CD /* ListViewData.m */,
			);
			name = Presenter;
			sourceTree = "<group>";
		};
		D943A94E1E6AA190002012CD /* View */ = {
			isa = PBXGroup;
			children = (
				D943A95C1E6AA249002012CD /* ListViewInterface.h */,
				D943A95D1E6AA254002012CD /* Views */,
				D943A9651E6AA2D4002012CD /* View Controllers */,
				D943A94F1E6AA196002012CD /* Wireframe */,
			);
			name = View;
			sourceTree = "<group>";
		};
		D943A94F1E6AA196002012CD /* Wireframe */ = {
			isa = PBXGroup;
			children = (
				D943A9581E6AA1DF002012CD /* ListWireframe.h */,
				D943A9591E6AA1DF002012CD /* ListWireframe.m */,
			);
			name = Wireframe;
			sourceTree = "<group>";
		};
		D943A95D1E6AA254002012CD /* Views */ = {
			isa = PBXGroup;
			children = (
				D943A95E1E6AA268002012CD /* MovieCell.h */,
				D943A95F1E6AA268002012CD /* MovieCell.m */,
				D943A9601E6AA268002012CD /* MovieCell.xib */,
			);
			name = Views;
			sourceTree = "<group>";
		};
		D943A9651E6AA2D4002012CD /* View Controllers */ = {
			isa = PBXGroup;
			children = (
				D943A9661E6AA2E1002012CD /* ListViewController.h */,
				D943A9671E6AA2E1002012CD /* ListViewController.m */,
			);
			name = "View Controllers";
			sourceTree = "<group>";
		};
		D943A9781E6AB7ED002012CD /* Store */ = {
			isa = PBXGroup;
			children = (
				D943A9791E6AB80E002012CD /* FilmStore.swift */,
			);
			name = Store;
			sourceTree = "<group>";
		};
		E899008F18CD78E500004F3F = {
			isa = PBXGroup;
			children = (
				D943A8CE1E6A9853002012CD /* Read Me */,
				E89900A118CD78E500004F3F /* MovieWebService */,
				E89900C018CD78E500004F3F /* MovieWebServiceTests */,
				E899009A18CD78E500004F3F /* Frameworks */,
				E899009918CD78E500004F3F /* Products */,
			);
			sourceTree = "<group>";
		};
		E899009918CD78E500004F3F /* Products */ = {
			isa = PBXGroup;
			children = (
				E899009818CD78E500004F3F /* MovieWebService.app */,
				E89900B918CD78E500004F3F /* MovieWebServiceTests.xctest */,
			);
			name = Products;
			sourceTree = "<group>";
		};
		E899009A18CD78E500004F3F /* Frameworks */ = {
			isa = PBXGroup;
			children = (
				E899009B18CD78E500004F3F /* Foundation.framework */,
				E899009D18CD78E500004F3F /* CoreGraphics.framework */,
				E899009F18CD78E500004F3F /* UIKit.framework */,
				E89900BA18CD78E500004F3F /* XCTest.framework */,
			);
			name = Frameworks;
			sourceTree = "<group>";
		};
		E89900A118CD78E500004F3F /* MovieWebService */ = {
			isa = PBXGroup;
			children = (
				D943A8D81E6A9DA3002012CD /* Classes */,
				D943A8841E692100002012CD /* Resources */,
				E89900A218CD78E500004F3F /* Supporting Files */,
			);
			path = MovieWebService;
			sourceTree = "<group>";
		};
		E89900A218CD78E500004F3F /* Supporting Files */ = {
			isa = PBXGroup;
			children = (
				D943A88D1E694433002012CD /* MovieWebService-Bridging-Header.h */,
				E89900A318CD78E500004F3F /* MovieWebService-Info.plist */,
				E89900A418CD78E500004F3F /* InfoPlist.strings */,
				E89900A718CD78E500004F3F /* main.m */,
				E89900A918CD78E500004F3F /* MovieWebService-Prefix.pch */,
			);
			name = "Supporting Files";
			sourceTree = "<group>";
		};
		E89900C018CD78E500004F3F /* MovieWebServiceTests */ = {
			isa = PBXGroup;
			children = (
				D943A8A91E697B6D002012CD /* EntityTestCases.swift */,
				D943A8B91E6A75B8002012CD /* BusinessTestCases.swift */,
				D9799BCF1E6DBEC60083F6A7 /* ListPresenterTest.swift */,
				E89900C618CD78E500004F3F /* MovieWebServiceTests.m */,
				E89900C118CD78E500004F3F /* Supporting Files */,
			);
			path = MovieWebServiceTests;
			sourceTree = "<group>";
		};
		E89900C118CD78E500004F3F /* Supporting Files */ = {
			isa = PBXGroup;
			children = (
				D943A8A81E697B6D002012CD /* MovieWebServiceTests-Bridging-Header.h */,
				D95DA6CB1E6DC16200A43FB1 /* MovieWebServiceTests-Prefix.pch */,
				E89900C218CD78E500004F3F /* MovieWebServiceTests-Info.plist */,
				E89900C318CD78E500004F3F /* InfoPlist.strings */,
			);
			name = "Supporting Files";
			sourceTree = "<group>";
		};
/* End PBXGroup section */

/* Begin PBXNativeTarget section */
		E899009718CD78E500004F3F /* MovieWebService */ = {
			isa = PBXNativeTarget;
			buildConfigurationList = E89900CA18CD78E500004F3F /* Build configuration list for PBXNativeTarget "MovieWebService" */;
			buildPhases = (
				E899009418CD78E500004F3F /* Sources */,
				E899009518CD78E500004F3F /* Frameworks */,
				E899009618CD78E500004F3F /* Resources */,
			);
			buildRules = (
			);
			dependencies = (
			);
			name = MovieWebService;
			productName = MovieWebService;
			productReference = E899009818CD78E500004F3F /* MovieWebService.app */;
			productType = "com.apple.product-type.application";
		};
		E89900B818CD78E500004F3F /* MovieWebServiceTests */ = {
			isa = PBXNativeTarget;
			buildConfigurationList = E89900CD18CD78E500004F3F /* Build configuration list for PBXNativeTarget "MovieWebServiceTests" */;
			buildPhases = (
				E89900B518CD78E500004F3F /* Sources */,
				E89900B618CD78E500004F3F /* Frameworks */,
				E89900B718CD78E500004F3F /* Resources */,
			);
			buildRules = (
			);
			dependencies = (
				E89900BF18CD78E500004F3F /* PBXTargetDependency */,
			);
			name = MovieWebServiceTests;
			productName = MovieWebServiceTests;
			productReference = E89900B918CD78E500004F3F /* MovieWebServiceTests.xctest */;
			productType = "com.apple.product-type.bundle.unit-test";
		};
/* End PBXNativeTarget section */

/* Begin PBXProject section */
		E899009018CD78E500004F3F /* Project object */ = {
			isa = PBXProject;
			attributes = {
				LastUpgradeCheck = 0820;
				ORGANIZATIONNAME = "Tan, Michael (Agoda)";
				TargetAttributes = {
					E899009718CD78E500004F3F = {
						LastSwiftMigration = 0820;
					};
					E89900B818CD78E500004F3F = {
						LastSwiftMigration = 0820;
						TestTargetID = E899009718CD78E500004F3F;
					};
				};
			};
			buildConfigurationList = E899009318CD78E500004F3F /* Build configuration list for PBXProject "MovieWebService" */;
			compatibilityVersion = "Xcode 3.2";
			developmentRegion = English;
			hasScannedForEncodings = 0;
			knownRegions = (
				en,
				Base,
			);
			mainGroup = E899008F18CD78E500004F3F;
			productRefGroup = E899009918CD78E500004F3F /* Products */;
			projectDirPath = "";
			projectRoot = "";
			targets = (
				E899009718CD78E500004F3F /* MovieWebService */,
				E89900B818CD78E500004F3F /* MovieWebServiceTests */,
			);
		};
/* End PBXProject section */

/* Begin PBXResourcesBuildPhase section */
		E899009618CD78E500004F3F /* Resources */ = {
			isa = PBXResourcesBuildPhase;
			buildActionMask = 2147483647;
			files = (
				D9F651C91E751B2B00A8F4F5 /* MovieDataSingle.json in Resources */,
				D943A9811E6D2C7C002012CD /* Main.storyboard in Resources */,
				E89900B418CD78E500004F3F /* Images.xcassets in Resources */,
				E89900A618CD78E500004F3F /* InfoPlist.strings in Resources */,
				D943A9401E6AA0B8002012CD /* DetailViewController.xib in Resources */,
				D9F651C81E751B2B00A8F4F5 /* MovieDataArray.json in Resources */,
				D943A8CF1E6A9853002012CD /* Read Me in Resources */,
				D9F651C11E741F4700A8F4F5 /* LaunchView.xib in Resources */,
				D943A9631E6AA268002012CD /* MovieCell.xib in Resources */,
			);
			runOnlyForDeploymentPostprocessing = 0;
		};
		E89900B718CD78E500004F3F /* Resources */ = {
			isa = PBXResourcesBuildPhase;
			buildActionMask = 2147483647;
			files = (
				D943A9641E6AA268002012CD /* MovieCell.xib in Resources */,
				D943A9821E6D2C7C002012CD /* Main.storyboard in Resources */,
				D943A9411E6AA0B8002012CD /* DetailViewController.xib in Resources */,
				E89900C518CD78E500004F3F /* InfoPlist.strings in Resources */,
				D943A8D01E6A9853002012CD /* Read Me in Resources */,
			);
			runOnlyForDeploymentPostprocessing = 0;
		};
/* End PBXResourcesBuildPhase section */

/* Begin PBXSourcesBuildPhase section */
		E899009418CD78E500004F3F /* Sources */ = {
			isa = PBXSourcesBuildPhase;
			buildActionMask = 2147483647;
			files = (
				D943A9731E6AAF3D002012CD /* ListPresenter.m in Sources */,
				D9799BC51E6DAA420083F6A7 /* NSString+Date.m in Sources */,
				D95DA7BB1E6F2DEF00A43FB1 /* DetailsInteractor.m in Sources */,
				D943A9161E6A9ECC002012CD /* DictionaryExtention.swift in Sources */,
				D943A9031E6A9E5D002012CD /* BaseBusiness.swift in Sources */,
				D943A8E51E6A9DDB002012CD /* AppDelegate.m in Sources */,
				D943A9441E6AA0C2002012CD /* TappableLabel.m in Sources */,
				D943A9271E6A9F01002012CD /* GenericRole.swift in Sources */,
				D943A90D1E6A9E94002012CD /* FilmMarshal.swift in Sources */,
				D943A9611E6AA268002012CD /* MovieCell.m in Sources */,
				D943A93E1E6AA0B8002012CD /* DetailViewController.m in Sources */,
				D943A9091E6A9E94002012CD /* ActorMarshal.swift in Sources */,
				D943A9141E6A9ECC002012CD /* Constants.swift in Sources */,
				D943A9701E6AAEA1002012CD /* DetailsWireframe.m in Sources */,
				D943A9681E6AA2E1002012CD /* ListViewController.m in Sources */,
				D943A9251E6A9F01002012CD /* Film.swift in Sources */,
				D943A97A1E6AB80E002012CD /* FilmStore.swift in Sources */,
				D943A9311E6A9FD5002012CD /* ListInteractor.m in Sources */,
				D943A97E1E6C85DD002012CD /* ListViewData.m in Sources */,
				D95DA7BE1E6F2E2500A43FB1 /* DetailsPresenter.m in Sources */,
				D943A9211E6A9F00002012CD /* Actor.swift in Sources */,
				D943A9231E6A9F00002012CD /* Director.swift in Sources */,
				E89900A818CD78E500004F3F /* main.m in Sources */,
				D943A95A1E6AA1DF002012CD /* ListWireframe.m in Sources */,
				D943A90B1E6A9E94002012CD /* DirectorMarshal.swift in Sources */,
				D943A96C1E6AAACC002012CD /* BaseWireframe.m in Sources */,
				D943A9851E6D3B39002012CD /* AppDependencies.m in Sources */,
			);
			runOnlyForDeploymentPostprocessing = 0;
		};
		E89900B518CD78E500004F3F /* Sources */ = {
			isa = PBXSourcesBuildPhase;
			buildActionMask = 2147483647;
			files = (
				D943A8E61E6A9DDB002012CD /* AppDelegate.m in Sources */,
				D943A9281E6A9F01002012CD /* GenericRole.swift in Sources */,
				D943A9691E6AA2E1002012CD /* ListViewController.m in Sources */,
				D943A93F1E6AA0B8002012CD /* DetailViewController.m in Sources */,
				D9799BD11E6DBEC60083F6A7 /* ListPresenterTest.swift in Sources */,
				D943A97B1E6AB80E002012CD /* FilmStore.swift in Sources */,
				D943A9241E6A9F01002012CD /* Director.swift in Sources */,
				D95DA7991E6E5D3200A43FB1 /* Constants.swift in Sources */,
				D943A8AA1E697B6D002012CD /* EntityTestCases.swift in Sources */,
				D943A9321E6A9FD5002012CD /* ListInteractor.m in Sources */,
				D943A9261E6A9F01002012CD /* Film.swift in Sources */,
				D9799BC61E6DAA420083F6A7 /* NSString+Date.m in Sources */,
				D943A90A1E6A9E94002012CD /* ActorMarshal.swift in Sources */,
				D943A9041E6A9E5D002012CD /* BaseBusiness.swift in Sources */,
				D943A9221E6A9F00002012CD /* Actor.swift in Sources */,
				D943A9171E6A9ECC002012CD /* DictionaryExtention.swift in Sources */,
				D943A9451E6AA0C2002012CD /* TappableLabel.m in Sources */,
				D943A95B1E6AA1DF002012CD /* ListWireframe.m in Sources */,
				D943A90E1E6A9E94002012CD /* FilmMarshal.swift in Sources */,
				D943A90C1E6A9E94002012CD /* DirectorMarshal.swift in Sources */,
				D943A8BA1E6A75B8002012CD /* BusinessTestCases.swift in Sources */,
				E89900C718CD78E500004F3F /* MovieWebServiceTests.m in Sources */,
			);
			runOnlyForDeploymentPostprocessing = 0;
		};
/* End PBXSourcesBuildPhase section */

/* Begin PBXTargetDependency section */
		E89900BF18CD78E500004F3F /* PBXTargetDependency */ = {
			isa = PBXTargetDependency;
			target = E899009718CD78E500004F3F /* MovieWebService */;
			targetProxy = E89900BE18CD78E500004F3F /* PBXContainerItemProxy */;
		};
/* End PBXTargetDependency section */

/* Begin PBXVariantGroup section */
		E89900A418CD78E500004F3F /* InfoPlist.strings */ = {
			isa = PBXVariantGroup;
			children = (
				E89900A518CD78E500004F3F /* en */,
			);
			name = InfoPlist.strings;
			sourceTree = "<group>";
		};
		E89900C318CD78E500004F3F /* InfoPlist.strings */ = {
			isa = PBXVariantGroup;
			children = (
				E89900C418CD78E500004F3F /* en */,
			);
			name = InfoPlist.strings;
			sourceTree = "<group>";
		};
/* End PBXVariantGroup section */

/* Begin XCBuildConfiguration section */
		E89900C818CD78E500004F3F /* Debug */ = {
			isa = XCBuildConfiguration;
			buildSettings = {
				ALWAYS_SEARCH_USER_PATHS = NO;
				CLANG_CXX_LANGUAGE_STANDARD = "gnu++0x";
				CLANG_CXX_LIBRARY = "libc++";
				CLANG_ENABLE_MODULES = YES;
				CLANG_ENABLE_OBJC_ARC = NO;
				CLANG_STATIC_ANALYZER_MODE = deep;
				CLANG_WARN_BOOL_CONVERSION = YES;
				CLANG_WARN_CONSTANT_CONVERSION = YES;
				CLANG_WARN_DIRECT_OBJC_ISA_USAGE = YES_ERROR;
				CLANG_WARN_EMPTY_BODY = YES;
				CLANG_WARN_ENUM_CONVERSION = YES;
				CLANG_WARN_INFINITE_RECURSION = YES;
				CLANG_WARN_INT_CONVERSION = YES;
				CLANG_WARN_OBJC_ROOT_CLASS = YES_ERROR;
				CLANG_WARN_SUSPICIOUS_MOVE = YES;
				CLANG_WARN_UNREACHABLE_CODE = YES;
				CLANG_WARN__DUPLICATE_METHOD_MATCH = YES;
				"CODE_SIGN_IDENTITY[sdk=iphoneos*]" = "iPhone Developer";
				COPY_PHASE_STRIP = NO;
				DEFINES_MODULE = YES;
				ENABLE_BITCODE = NO;
				ENABLE_STRICT_OBJC_MSGSEND = YES;
				ENABLE_TESTABILITY = YES;
				GCC_C_LANGUAGE_STANDARD = gnu99;
				GCC_DYNAMIC_NO_PIC = NO;
				GCC_NO_COMMON_BLOCKS = YES;
				GCC_OPTIMIZATION_LEVEL = 0;
				GCC_PREPROCESSOR_DEFINITIONS = (
					"DEBUG=1",
					"$(inherited)",
				);
				GCC_SYMBOLS_PRIVATE_EXTERN = NO;
				GCC_WARN_64_TO_32_BIT_CONVERSION = YES;
				GCC_WARN_ABOUT_RETURN_TYPE = YES_ERROR;
				GCC_WARN_UNDECLARED_SELECTOR = YES;
				GCC_WARN_UNINITIALIZED_AUTOS = YES;
				GCC_WARN_UNUSED_FUNCTION = YES;
				GCC_WARN_UNUSED_VARIABLE = YES;
				IPHONEOS_DEPLOYMENT_TARGET = 8.0;
				ONLY_ACTIVE_ARCH = YES;
				RUN_CLANG_STATIC_ANALYZER = YES;
				SDKROOT = iphoneos;
				SWIFT_OPTIMIZATION_LEVEL = "-Onone";
				SWIFT_VERSION = 3.0;
			};
			name = Debug;
		};
		E89900C918CD78E500004F3F /* Release */ = {
			isa = XCBuildConfiguration;
			buildSettings = {
				ALWAYS_SEARCH_USER_PATHS = NO;
				CLANG_CXX_LANGUAGE_STANDARD = "gnu++0x";
				CLANG_CXX_LIBRARY = "libc++";
				CLANG_ENABLE_MODULES = YES;
				CLANG_ENABLE_OBJC_ARC = NO;
				CLANG_STATIC_ANALYZER_MODE = deep;
				CLANG_WARN_BOOL_CONVERSION = YES;
				CLANG_WARN_CONSTANT_CONVERSION = YES;
				CLANG_WARN_DIRECT_OBJC_ISA_USAGE = YES_ERROR;
				CLANG_WARN_EMPTY_BODY = YES;
				CLANG_WARN_ENUM_CONVERSION = YES;
				CLANG_WARN_INFINITE_RECURSION = YES;
				CLANG_WARN_INT_CONVERSION = YES;
				CLANG_WARN_OBJC_ROOT_CLASS = YES_ERROR;
				CLANG_WARN_SUSPICIOUS_MOVE = YES;
				CLANG_WARN_UNREACHABLE_CODE = YES;
				CLANG_WARN__DUPLICATE_METHOD_MATCH = YES;
				"CODE_SIGN_IDENTITY[sdk=iphoneos*]" = "iPhone Developer";
				COPY_PHASE_STRIP = YES;
				DEFINES_MODULE = YES;
				ENABLE_BITCODE = NO;
				ENABLE_NS_ASSERTIONS = NO;
				ENABLE_STRICT_OBJC_MSGSEND = YES;
				GCC_C_LANGUAGE_STANDARD = gnu99;
				GCC_NO_COMMON_BLOCKS = YES;
				GCC_OPTIMIZATION_LEVEL = 0;
				GCC_WARN_64_TO_32_BIT_CONVERSION = YES;
				GCC_WARN_ABOUT_RETURN_TYPE = YES_ERROR;
				GCC_WARN_UNDECLARED_SELECTOR = YES;
				GCC_WARN_UNINITIALIZED_AUTOS = YES;
				GCC_WARN_UNUSED_FUNCTION = YES;
				GCC_WARN_UNUSED_VARIABLE = YES;
				IPHONEOS_DEPLOYMENT_TARGET = 8.0;
				RUN_CLANG_STATIC_ANALYZER = YES;
				SDKROOT = iphoneos;
				SWIFT_OPTIMIZATION_LEVEL = "-Onone";
				SWIFT_VERSION = 3.0;
				VALIDATE_PRODUCT = YES;
			};
			name = Release;
		};
		E89900CB18CD78E500004F3F /* Debug */ = {
			isa = XCBuildConfiguration;
			buildSettings = {
				ASSETCATALOG_COMPILER_APPICON_NAME = AppIcon;
				ASSETCATALOG_COMPILER_LAUNCHIMAGE_NAME = LaunchImage;
				CLANG_ENABLE_MODULES = YES;
				CLANG_ENABLE_OBJC_ARC = YES;
				DEFINES_MODULE = YES;
				FRAMEWORK_SEARCH_PATHS = (
					"$(inherited)",
					"$(PROJECT_DIR)",
				);
				GCC_OPTIMIZATION_LEVEL = 0;
				GCC_PRECOMPILE_PREFIX_HEADER = YES;
				GCC_PREFIX_HEADER = "MovieWebService/MovieWebService-Prefix.pch";
				GCC_SYMBOLS_PRIVATE_EXTERN = YES;
				GCC_WARN_INHIBIT_ALL_WARNINGS = YES;
				HEADER_SEARCH_PATHS = "$(PROJECT_DIR)/**";
				INFOPLIST_FILE = "MovieWebService/MovieWebService-Info.plist";
				LD_RUNPATH_SEARCH_PATHS = "$(inherited) @executable_path/Frameworks";
				PRODUCT_BUNDLE_IDENTIFIER = "com.agoda.app.challenge.${PRODUCT_NAME:rfc1034identifier}";
				PRODUCT_NAME = "$(TARGET_NAME)";
				SWIFT_OBJC_BRIDGING_HEADER = "MovieWebService/MovieWebService-Bridging-Header.h";
				SWIFT_OBJC_INTERFACE_HEADER_NAME = "$(PROJECT_NAME)-Swift.h";
				SWIFT_VERSION = 3.0;
				WRAPPER_EXTENSION = app;
			};
			name = Debug;
		};
		E89900CC18CD78E500004F3F /* Release */ = {
			isa = XCBuildConfiguration;
			buildSettings = {
				ASSETCATALOG_COMPILER_APPICON_NAME = AppIcon;
				ASSETCATALOG_COMPILER_LAUNCHIMAGE_NAME = LaunchImage;
				CLANG_ENABLE_MODULES = YES;
				CLANG_ENABLE_OBJC_ARC = YES;
				DEFINES_MODULE = YES;
				FRAMEWORK_SEARCH_PATHS = (
					"$(inherited)",
					"$(PROJECT_DIR)",
				);
				GCC_OPTIMIZATION_LEVEL = 0;
				GCC_PRECOMPILE_PREFIX_HEADER = YES;
				GCC_PREFIX_HEADER = "MovieWebService/MovieWebService-Prefix.pch";
				GCC_WARN_INHIBIT_ALL_WARNINGS = YES;
				HEADER_SEARCH_PATHS = "$(PROJECT_DIR)/**";
				INFOPLIST_FILE = "MovieWebService/MovieWebService-Info.plist";
				LD_RUNPATH_SEARCH_PATHS = "$(inherited) @executable_path/Frameworks";
				PRODUCT_BUNDLE_IDENTIFIER = "com.agoda.app.challenge.${PRODUCT_NAME:rfc1034identifier}";
				PRODUCT_NAME = "$(TARGET_NAME)";
				SWIFT_OBJC_BRIDGING_HEADER = "MovieWebService/MovieWebService-Bridging-Header.h";
				SWIFT_OBJC_INTERFACE_HEADER_NAME = "$(PROJECT_NAME)-Swift.h";
				SWIFT_VERSION = 3.0;
				WRAPPER_EXTENSION = app;
			};
			name = Release;
		};
		E89900CE18CD78E500004F3F /* Debug */ = {
			isa = XCBuildConfiguration;
			buildSettings = {
				ALWAYS_EMBED_SWIFT_STANDARD_LIBRARIES = YES;
				BUNDLE_LOADER = "$(BUILT_PRODUCTS_DIR)/MovieWebService.app/MovieWebService";
				CLANG_ENABLE_MODULES = YES;
				CLANG_ENABLE_OBJC_ARC = YES;
				FRAMEWORK_SEARCH_PATHS = (
					"$(SDKROOT)/Developer/Library/Frameworks",
					"$(inherited)",
					"$(DEVELOPER_FRAMEWORKS_DIR)",
				);
				GCC_PRECOMPILE_PREFIX_HEADER = YES;
				GCC_PREFIX_HEADER = "MovieWebServiceTests/MovieWebServiceTests-Prefix.pch";
				GCC_PREPROCESSOR_DEFINITIONS = (
					"DEBUG=1",
					"$(inherited)",
				);
				HEADER_SEARCH_PATHS = "$(PROJECT_DIR)/**";
				INFOPLIST_FILE = "MovieWebServiceTests/MovieWebServiceTests-Info.plist";
				LD_RUNPATH_SEARCH_PATHS = "$(inherited) @executable_path/Frameworks @loader_path/Frameworks";
				PRODUCT_BUNDLE_IDENTIFIER = "com.agoda.app.challenge.${PRODUCT_NAME:rfc1034identifier}";
				PRODUCT_NAME = "$(TARGET_NAME)";
				SWIFT_OBJC_BRIDGING_HEADER = "MovieWebServiceTests/MovieWebServiceTests-Bridging-Header.h";
				SWIFT_OBJC_INTERFACE_HEADER_NAME = "$(PRODUCT_NAME)-Swift.h";
				SWIFT_OPTIMIZATION_LEVEL = "-Onone";
				SWIFT_VERSION = 3.0;
				TEST_HOST = "$(BUNDLE_LOADER)";
				WRAPPER_EXTENSION = xctest;
			};
			name = Debug;
		};
		E89900CF18CD78E500004F3F /* Release */ = {
			isa = XCBuildConfiguration;
			buildSettings = {
				ALWAYS_EMBED_SWIFT_STANDARD_LIBRARIES = YES;
				BUNDLE_LOADER = "$(BUILT_PRODUCTS_DIR)/MovieWebService.app/MovieWebService";
				CLANG_ENABLE_MODULES = YES;
				CLANG_ENABLE_OBJC_ARC = YES;
				FRAMEWORK_SEARCH_PATHS = (
					"$(SDKROOT)/Developer/Library/Frameworks",
					"$(inherited)",
					"$(DEVELOPER_FRAMEWORKS_DIR)",
				);
				GCC_PRECOMPILE_PREFIX_HEADER = YES;
				GCC_PREFIX_HEADER = "MovieWebServiceTests/MovieWebServiceTests-Prefix.pch";
				HEADER_SEARCH_PATHS = "$(PROJECT_DIR)/**";
				INFOPLIST_FILE = "MovieWebServiceTests/MovieWebServiceTests-Info.plist";
				LD_RUNPATH_SEARCH_PATHS = "$(inherited) @executable_path/Frameworks @loader_path/Frameworks";
				PRODUCT_BUNDLE_IDENTIFIER = "com.agoda.app.challenge.${PRODUCT_NAME:rfc1034identifier}";
				PRODUCT_NAME = "$(TARGET_NAME)";
				SWIFT_OBJC_BRIDGING_HEADER = "MovieWebServiceTests/MovieWebServiceTests-Bridging-Header.h";
				SWIFT_OBJC_INTERFACE_HEADER_NAME = "$(PRODUCT_NAME)-Swift.h";
				SWIFT_VERSION = 3.0;
				TEST_HOST = "$(BUNDLE_LOADER)";
				WRAPPER_EXTENSION = xctest;
			};
			name = Release;
		};
/* End XCBuildConfiguration section */

/* Begin XCConfigurationList section */
		E899009318CD78E500004F3F /* Build configuration list for PBXProject "MovieWebService" */ = {
			isa = XCConfigurationList;
			buildConfigurations = (
				E89900C818CD78E500004F3F /* Debug */,
				E89900C918CD78E500004F3F /* Release */,
			);
			defaultConfigurationIsVisible = 0;
			defaultConfigurationName = Release;
		};
		E89900CA18CD78E500004F3F /* Build configuration list for PBXNativeTarget "MovieWebService" */ = {
			isa = XCConfigurationList;
			buildConfigurations = (
				E89900CB18CD78E500004F3F /* Debug */,
				E89900CC18CD78E500004F3F /* Release */,
			);
			defaultConfigurationIsVisible = 0;
			defaultConfigurationName = Release;
		};
		E89900CD18CD78E500004F3F /* Build configuration list for PBXNativeTarget "MovieWebServiceTests" */ = {
			isa = XCConfigurationList;
			buildConfigurations = (
				E89900CE18CD78E500004F3F /* Debug */,
				E89900CF18CD78E500004F3F /* Release */,
			);
			defaultConfigurationIsVisible = 0;
			defaultConfigurationName = Release;
		};
/* End XCConfigurationList section */
	};
	rootObject = E899009018CD78E500004F3F /* Project object */;
}
